
Microsoft Visual Studio Solution File, Format Version 12.00
# Visual Studio Version 17
VisualStudioVersion = 17.3.32825.248
MinimumVisualStudioVersion = 10.0.40219.1
Project("{FAE04EC0-301F-11D3-BF4B-00C04F79EFBC}") = "TheBaldMartinPetSim", "TheBaldMartinPetSim\TheBaldMartinPetSim.csproj", "{501D6066-A9BE-4288-9204-BFFD1652080E}"
EndProject
Global
	GlobalSection(SolutionConfigurationPlatforms) = preSolution
		Debug|Any CPU = Debug|Any CPU
		Release|Any CPU = Release|Any CPU
	EndGlobalSection
	GlobalSection(ProjectConfigurationPlatforms) = postSolution
		{501D6066-A9BE-4288-9204-BFFD1652080E}.Debug|Any CPU.ActiveCfg = Debug|Any CPU
		{501D6066-A9BE-4288-9204-BFFD1652080E}.Debug|Any CPU.Build.0 = Debug|Any CPU
		{501D6066-A9BE-4288-9204-BFFD1652080E}.Release|Any CPU.ActiveCfg = Release|Any CPU
		{501D6066-A9BE-4288-9204-BFFD1652080E}.Release|Any CPU.Build.0 = Release|Any CPU
	EndGlobalSection
	GlobalSection(SolutionProperties) = preSolution
		HideSolutionNode = FALSE
	EndGlobalSection
	GlobalSection(ExtensibilityGlobals) = postSolution
		SolutionGuid = {8C8C91FE-ED79-4453-884D-E35150F4319C}
	EndGlobalSection
EndGlobal
